
Microsoft Visual Studio Solution File, Format Version 12.00
# Visual Studio Version 17
VisualStudioVersion = 17.4.33213.308
MinimumVisualStudioVersion = 10.0.40219.1
Project("{9A19103F-16F7-4668-BE54-9A1E7A4F7556}") = "PhotoManager", "PhotoManager\PhotoManager.csproj", "{4CFBFCE0-8922-40E6-AAD8-45C5970F5F0B}"
EndProject
Global
	GlobalSection(SolutionConfigurationPlatforms) = preSolution
		Debug|Any CPU = Debug|Any CPU
		Release|Any CPU = Release|Any CPU
	EndGlobalSection
	GlobalSection(ProjectConfigurationPlatforms) = postSolution
		{4CFBFCE0-8922-40E6-AAD8-45C5970F5F0B}.Debug|Any CPU.ActiveCfg = Debug|Any CPU
		{4CFBFCE0-8922-40E6-AAD8-45C5970F5F0B}.Debug|Any CPU.Build.0 = Debug|Any CPU
		{4CFBFCE0-8922-40E6-AAD8-45C5970F5F0B}.Release|Any CPU.ActiveCfg = Release|Any CPU
		{4CFBFCE0-8922-40E6-AAD8-45C5970F5F0B}.Release|Any CPU.Build.0 = Release|Any CPU
	EndGlobalSection
	GlobalSection(SolutionProperties) = preSolution
		HideSolutionNode = FALSE
	EndGlobalSection
	GlobalSection(ExtensibilityGlobals) = postSolution
		SolutionGuid = {A176B1B8-0E30-401F-BFD8-E047B88BE5FE}
	EndGlobalSection
EndGlobal
